
Microsoft Visual Studio Solution File, Format Version 12.00
# Visual Studio Version 16
VisualStudioVersion = 16.0.31129.286
MinimumVisualStudioVersion = 10.0.40219.1
Project("{FAE04EC0-301F-11D3-BF4B-00C04F79EFBC}") = "ExecDataGridView", "ExecDataGridView\ExecDataGridView.csproj", "{A2AAD8A2-E02D-41EC-9B83-4212B2FBE95B}"
EndProject
Global
	GlobalSection(SolutionConfigurationPlatforms) = preSolution
		Debug|Any CPU = Debug|Any CPU
		Release|Any CPU = Release|Any CPU
	EndGlobalSection
	GlobalSection(ProjectConfigurationPlatforms) = postSolution
		{A2AAD8A2-E02D-41EC-9B83-4212B2FBE95B}.Debug|Any CPU.ActiveCfg = Debug|Any CPU
		{A2AAD8A2-E02D-41EC-9B83-4212B2FBE95B}.Debug|Any CPU.Build.0 = Debug|Any CPU
		{A2AAD8A2-E02D-41EC-9B83-4212B2FBE95B}.Release|Any CPU.ActiveCfg = Release|Any CPU
		{A2AAD8A2-E02D-41EC-9B83-4212B2FBE95B}.Release|Any CPU.Build.0 = Release|Any CPU
	EndGlobalSection
	GlobalSection(SolutionProperties) = preSolution
		HideSolutionNode = FALSE
	EndGlobalSection
	GlobalSection(ExtensibilityGlobals) = postSolution
		SolutionGuid = {5D1141F1-2CEB-47DB-B12A-E0FB81F9DBCB}
	EndGlobalSection
EndGlobal
